
Microsoft Visual Studio Solution File, Format Version 12.00
# Visual Studio Version 17
VisualStudioVersion = 17.13.35931.197
MinimumVisualStudioVersion = 10.0.40219.1
Project("{FAE04EC0-301F-11D3-BF4B-00C04F79EFBC}") = "OrdersService.API", "OrdersService.API\OrdersService.API.csproj", "{E8FB6309-02D1-45E6-A375-9601B5E214D0}"
EndProject
Project("{FAE04EC0-301F-11D3-BF4B-00C04F79EFBC}") = "BusinessLogicLayer", "BusinessLogicLayer\BusinessLogicLayer.csproj", "{0CED6206-AFA3-4DBE-8612-AB44503B9736}"
EndProject
Project("{FAE04EC0-301F-11D3-BF4B-00C04F79EFBC}") = "DataAccessLayer", "DataAccessLayer\DataAccessLayer.csproj", "{93DFF780-107C-4587-9FFE-F5E560E14D83}"
EndProject
Project("{E53339B2-1760-4266-BCC7-CA923CBCF16C}") = "docker-compose", "docker-compose.dcproj", "{81DDED9D-158B-E303-5F62-77A2896D2A5A}"
EndProject
Project("{2150E333-8FDC-42A3-9474-1A3956D46DE8}") = "Solution Items", "Solution Items", "{8EC462FD-D22E-90A8-E5CE-7E832BA40C5D}"
	ProjectSection(SolutionItems) = preProject
		.env = .env
	EndProjectSection
EndProject
Project("{FAE04EC0-301F-11D3-BF4B-00C04F79EFBC}") = "ApiGateway", "ApiGateway\ApiGateway.csproj", "{338B47C1-716B-4E24-A728-C0AF70382F62}"
EndProject
Global
	GlobalSection(SolutionConfigurationPlatforms) = preSolution
		Debug|Any CPU = Debug|Any CPU
		Release|Any CPU = Release|Any CPU
	EndGlobalSection
	GlobalSection(ProjectConfigurationPlatforms) = postSolution
		{E8FB6309-02D1-45E6-A375-9601B5E214D0}.Debug|Any CPU.ActiveCfg = Debug|Any CPU
		{E8FB6309-02D1-45E6-A375-9601B5E214D0}.Debug|Any CPU.Build.0 = Debug|Any CPU
		{E8FB6309-02D1-45E6-A375-9601B5E214D0}.Release|Any CPU.ActiveCfg = Release|Any CPU
		{E8FB6309-02D1-45E6-A375-9601B5E214D0}.Release|Any CPU.Build.0 = Release|Any CPU
		{0CED6206-AFA3-4DBE-8612-AB44503B9736}.Debug|Any CPU.ActiveCfg = Debug|Any CPU
		{0CED6206-AFA3-4DBE-8612-AB44503B9736}.Debug|Any CPU.Build.0 = Debug|Any CPU
		{0CED6206-AFA3-4DBE-8612-AB44503B9736}.Release|Any CPU.ActiveCfg = Release|Any CPU
		{0CED6206-AFA3-4DBE-8612-AB44503B9736}.Release|Any CPU.Build.0 = Release|Any CPU
		{93DFF780-107C-4587-9FFE-F5E560E14D83}.Debug|Any CPU.ActiveCfg = Debug|Any CPU
		{93DFF780-107C-4587-9FFE-F5E560E14D83}.Debug|Any CPU.Build.0 = Debug|Any CPU
		{93DFF780-107C-4587-9FFE-F5E560E14D83}.Release|Any CPU.ActiveCfg = Release|Any CPU
		{93DFF780-107C-4587-9FFE-F5E560E14D83}.Release|Any CPU.Build.0 = Release|Any CPU
		{81DDED9D-158B-E303-5F62-77A2896D2A5A}.Debug|Any CPU.ActiveCfg = Debug|Any CPU
		{81DDED9D-158B-E303-5F62-77A2896D2A5A}.Debug|Any CPU.Build.0 = Debug|Any CPU
		{81DDED9D-158B-E303-5F62-77A2896D2A5A}.Release|Any CPU.ActiveCfg = Release|Any CPU
		{81DDED9D-158B-E303-5F62-77A2896D2A5A}.Release|Any CPU.Build.0 = Release|Any CPU
		{338B47C1-716B-4E24-A728-C0AF70382F62}.Debug|Any CPU.ActiveCfg = Debug|Any CPU
		{338B47C1-716B-4E24-A728-C0AF70382F62}.Debug|Any CPU.Build.0 = Debug|Any CPU
		{338B47C1-716B-4E24-A728-C0AF70382F62}.Release|Any CPU.ActiveCfg = Release|Any CPU
		{338B47C1-716B-4E24-A728-C0AF70382F62}.Release|Any CPU.Build.0 = Release|Any CPU
	EndGlobalSection
	GlobalSection(SolutionProperties) = preSolution
		HideSolutionNode = FALSE
	EndGlobalSection
	GlobalSection(ExtensibilityGlobals) = postSolution
		SolutionGuid = {ACC50711-EDE8-4752-8734-3BF85F0D318B}
	EndGlobalSection
EndGlobal
